# This file is automatically @generated by Cargo.
# It is not intended for manual editing.
version = 3

[[package]]
name = "crossbeam"
version = "0.3.2"
source = "registry+https://github.com/rust-lang/crates.io-index"
checksum = "24ce9782d4d5c53674646a6a4c1863a21a8fc0cb649b3c94dfc16e45071dea19"

[[package]]
name = "jprod"
version = "0.1.0"
dependencies = [
 "jprod_core",
]

[[package]]
name = "jprod_core"
version = "0.1.0"
dependencies = [
 "crossbeam",
]
