[[package]]
name = "compiler_builtins"
version = "0.1.0"
source = "git+https://github.com/rust-lang-nursery/compiler-builtins#2a2f6d96c8dc578d2474742f14c9bab0b36b0408"

[[package]]
name = "jprod"
version = "0.1.0"
dependencies = [
 "compiler_builtins 0.1.0 (git+https://github.com/rust-lang-nursery/compiler-builtins)",
 "jprod_core 0.1.0",
 "telemetry 0.1.0",
 "telemetry_macro 0.1.0",
]

[[package]]
name = "jprod_core"
version = "0.1.0"
dependencies = [
 "telemetry 0.1.0",
 "telemetry_macro 0.1.0",
]

[[package]]
name = "telemetry"
version = "0.1.0"

[[package]]
name = "telemetry_macro"
version = "0.1.0"

[metadata]
"checksum compiler_builtins 0.1.0 (git+https://github.com/rust-lang-nursery/compiler-builtins)" = "<none>"
