[root]
name = "jprod_editor"
version = "0.1.0"
dependencies = [
 "imgui 0.0.12-pre (git+https://github.com/Gekkio/imgui-rs)",
 "jprod_core 0.1.0",
 "telemetry 0.1.0",
 "telemetry_macro 0.1.0",
]

[[package]]
name = "bitflags"
version = "0.8.2"
source = "registry+https://github.com/rust-lang/crates.io-index"

[[package]]
name = "gcc"
version = "0.3.45"
source = "registry+https://github.com/rust-lang/crates.io-index"

[[package]]
name = "imgui"
version = "0.0.12-pre"
source = "git+https://github.com/Gekkio/imgui-rs#48c7dd68eef70a6cea704281f0a7c47f5664e59d"
dependencies = [
 "imgui-sys 0.0.12-pre (git+https://github.com/Gekkio/imgui-rs)",
]

[[package]]
name = "imgui-sys"
version = "0.0.12-pre"
source = "git+https://github.com/Gekkio/imgui-rs#48c7dd68eef70a6cea704281f0a7c47f5664e59d"
dependencies = [
 "bitflags 0.8.2 (registry+https://github.com/rust-lang/crates.io-index)",
 "gcc 0.3.45 (registry+https://github.com/rust-lang/crates.io-index)",
]

[[package]]
name = "jprod_core"
version = "0.1.0"
dependencies = [
 "telemetry_macro 0.1.0",
]

[[package]]
name = "telemetry"
version = "0.1.0"

[[package]]
name = "telemetry_macro"
version = "0.1.0"

[metadata]
"checksum bitflags 0.8.2 (registry+https://github.com/rust-lang/crates.io-index)" = "1370e9fc2a6ae53aea8b7a5110edbd08836ed87c88736dfabccade1c2b44bff4"
"checksum gcc 0.3.45 (registry+https://github.com/rust-lang/crates.io-index)" = "40899336fb50db0c78710f53e87afc54d8c7266fb76262fecc78ca1a7f09deae"
"checksum imgui 0.0.12-pre (git+https://github.com/Gekkio/imgui-rs)" = "<none>"
"checksum imgui-sys 0.0.12-pre (git+https://github.com/Gekkio/imgui-rs)" = "<none>"
